github.com/schnerring/hugo-mod-github-readme-stats v0.0.0-20230711082512-efb5c42b032c h1:Hy7g0oYoWsOSSDnZ5FboK7Ohe7ssvakf0SbQex3ByG4=
github.com/schnerring/hugo-mod-github-readme-stats v0.0.0-20230711082512-efb5c42b032c/go.mod h1:z4vUJI1wKvBAjLspJtQZ7thpO6UDey8d4QHRydjo15Q=
github.com/schnerring/hugo-mod-json-resume v0.0.0-20240901170606-128adc944a4e h1:wGjAfd4wpK42EI1K+38Y/FhOdxlcINXZapHw84UK7DA=
github.com/schnerring/hugo-mod-json-resume v0.0.0-20240901170606-128adc944a4e/go.mod h1:9a3RP0jNQ6w/zcAznXFb533Fr4sA5rFOy55IbOu0xKw=
